
Microsoft Visual Studio Solution File, Format Version 12.00
# Visual Studio Version 17
VisualStudioVersion = 17.7.34031.279
MinimumVisualStudioVersion = 10.0.40219.1
Project("{9A19103F-16F7-4668-BE54-9A1E7A4F7556}") = "Lab3", "Lab3\Lab3.csproj", "{9F403D12-AA95-4F42-AB7B-7224D9BD0CE6}"
EndProject
Project("{FAE04EC0-301F-11D3-BF4B-00C04F79EFBC}") = "TestProject3", "TestProject3\TestProject3.csproj", "{63E35561-AA94-46F0-90DF-5D155ED24FAE}"
EndProject
Global
	GlobalSection(SolutionConfigurationPlatforms) = preSolution
		Debug|Any CPU = Debug|Any CPU
		Release|Any CPU = Release|Any CPU
	EndGlobalSection
	GlobalSection(ProjectConfigurationPlatforms) = postSolution
		{9F403D12-AA95-4F42-AB7B-7224D9BD0CE6}.Debug|Any CPU.ActiveCfg = Debug|Any CPU
		{9F403D12-AA95-4F42-AB7B-7224D9BD0CE6}.Debug|Any CPU.Build.0 = Debug|Any CPU
		{9F403D12-AA95-4F42-AB7B-7224D9BD0CE6}.Release|Any CPU.ActiveCfg = Release|Any CPU
		{9F403D12-AA95-4F42-AB7B-7224D9BD0CE6}.Release|Any CPU.Build.0 = Release|Any CPU
		{63E35561-AA94-46F0-90DF-5D155ED24FAE}.Debug|Any CPU.ActiveCfg = Debug|Any CPU
		{63E35561-AA94-46F0-90DF-5D155ED24FAE}.Debug|Any CPU.Build.0 = Debug|Any CPU
		{63E35561-AA94-46F0-90DF-5D155ED24FAE}.Release|Any CPU.ActiveCfg = Release|Any CPU
		{63E35561-AA94-46F0-90DF-5D155ED24FAE}.Release|Any CPU.Build.0 = Release|Any CPU
	EndGlobalSection
	GlobalSection(SolutionProperties) = preSolution
		HideSolutionNode = FALSE
	EndGlobalSection
	GlobalSection(ExtensibilityGlobals) = postSolution
		SolutionGuid = {D8772DBF-78FF-4386-B811-388AEC05A6BC}
	EndGlobalSection
EndGlobal
